
Microsoft Visual Studio Solution File, Format Version 12.00
# Visual Studio Version 17
VisualStudioVersion = 17.0.31903.59
MinimumVisualStudioVersion = 10.0.40219.1
Project("{2150E333-8FDC-42A3-9474-1A3956D46DE8}") = "src", "src", "{827E0CD3-B72D-47B6-A68D-7590B98EB39B}"
EndProject
Project("{FAE04EC0-301F-11D3-BF4B-00C04F79EFBC}") = "FluentCards", "src\FluentCards\FluentCards.csproj", "{07F2960B-D968-48D5-AEB2-C77543DA4109}"
EndProject
Project("{2150E333-8FDC-42A3-9474-1A3956D46DE8}") = "tests", "tests", "{0AB3BF05-4346-4AA6-1389-037BE0695223}"
EndProject
Project("{FAE04EC0-301F-11D3-BF4B-00C04F79EFBC}") = "FluentCards.Tests", "tests\FluentCards.Tests\FluentCards.Tests.csproj", "{BEB704A1-D467-4AD2-88C7-80A34AEACB1E}"
EndProject
Project("{2150E333-8FDC-42A3-9474-1A3956D46DE8}") = "samples", "samples", "{5D20AA90-6969-D8BD-9DCD-8634F4692FDA}"
EndProject
Project("{FAE04EC0-301F-11D3-BF4B-00C04F79EFBC}") = "FluentCards.Samples", "samples\FluentCards.Samples\FluentCards.Samples.csproj", "{6CE4AC3E-F1D7-4BC8-8826-CC7470605A31}"
EndProject
Global
	GlobalSection(SolutionConfigurationPlatforms) = preSolution
		Debug|Any CPU = Debug|Any CPU
		Debug|x64 = Debug|x64
		Debug|x86 = Debug|x86
		Release|Any CPU = Release|Any CPU
		Release|x64 = Release|x64
		Release|x86 = Release|x86
	EndGlobalSection
	GlobalSection(ProjectConfigurationPlatforms) = postSolution
		{07F2960B-D968-48D5-AEB2-C77543DA4109}.Debug|Any CPU.ActiveCfg = Debug|Any CPU
		{07F2960B-D968-48D5-AEB2-C77543DA4109}.Debug|Any CPU.Build.0 = Debug|Any CPU
		{07F2960B-D968-48D5-AEB2-C77543DA4109}.Debug|x64.ActiveCfg = Debug|Any CPU
		{07F2960B-D968-48D5-AEB2-C77543DA4109}.Debug|x64.Build.0 = Debug|Any CPU
		{07F2960B-D968-48D5-AEB2-C77543DA4109}.Debug|x86.ActiveCfg = Debug|Any CPU
		{07F2960B-D968-48D5-AEB2-C77543DA4109}.Debug|x86.Build.0 = Debug|Any CPU
		{07F2960B-D968-48D5-AEB2-C77543DA4109}.Release|Any CPU.ActiveCfg = Release|Any CPU
		{07F2960B-D968-48D5-AEB2-C77543DA4109}.Release|Any CPU.Build.0 = Release|Any CPU
		{07F2960B-D968-48D5-AEB2-C77543DA4109}.Release|x64.ActiveCfg = Release|Any CPU
		{07F2960B-D968-48D5-AEB2-C77543DA4109}.Release|x64.Build.0 = Release|Any CPU
		{07F2960B-D968-48D5-AEB2-C77543DA4109}.Release|x86.ActiveCfg = Release|Any CPU
		{07F2960B-D968-48D5-AEB2-C77543DA4109}.Release|x86.Build.0 = Release|Any CPU
		{BEB704A1-D467-4AD2-88C7-80A34AEACB1E}.Debug|Any CPU.ActiveCfg = Debug|Any CPU
		{BEB704A1-D467-4AD2-88C7-80A34AEACB1E}.Debug|Any CPU.Build.0 = Debug|Any CPU
		{BEB704A1-D467-4AD2-88C7-80A34AEACB1E}.Debug|x64.ActiveCfg = Debug|Any CPU
		{BEB704A1-D467-4AD2-88C7-80A34AEACB1E}.Debug|x64.Build.0 = Debug|Any CPU
		{BEB704A1-D467-4AD2-88C7-80A34AEACB1E}.Debug|x86.ActiveCfg = Debug|Any CPU
		{BEB704A1-D467-4AD2-88C7-80A34AEACB1E}.Debug|x86.Build.0 = Debug|Any CPU
		{BEB704A1-D467-4AD2-88C7-80A34AEACB1E}.Release|Any CPU.ActiveCfg = Release|Any CPU
		{BEB704A1-D467-4AD2-88C7-80A34AEACB1E}.Release|Any CPU.Build.0 = Release|Any CPU
		{BEB704A1-D467-4AD2-88C7-80A34AEACB1E}.Release|x64.ActiveCfg = Release|Any CPU
		{BEB704A1-D467-4AD2-88C7-80A34AEACB1E}.Release|x64.Build.0 = Release|Any CPU
		{BEB704A1-D467-4AD2-88C7-80A34AEACB1E}.Release|x86.ActiveCfg = Release|Any CPU
		{BEB704A1-D467-4AD2-88C7-80A34AEACB1E}.Release|x86.Build.0 = Release|Any CPU
		{6CE4AC3E-F1D7-4BC8-8826-CC7470605A31}.Debug|Any CPU.ActiveCfg = Debug|Any CPU
		{6CE4AC3E-F1D7-4BC8-8826-CC7470605A31}.Debug|Any CPU.Build.0 = Debug|Any CPU
		{6CE4AC3E-F1D7-4BC8-8826-CC7470605A31}.Debug|x64.ActiveCfg = Debug|Any CPU
		{6CE4AC3E-F1D7-4BC8-8826-CC7470605A31}.Debug|x64.Build.0 = Debug|Any CPU
		{6CE4AC3E-F1D7-4BC8-8826-CC7470605A31}.Debug|x86.ActiveCfg = Debug|Any CPU
		{6CE4AC3E-F1D7-4BC8-8826-CC7470605A31}.Debug|x86.Build.0 = Debug|Any CPU
		{6CE4AC3E-F1D7-4BC8-8826-CC7470605A31}.Release|Any CPU.ActiveCfg = Release|Any CPU
		{6CE4AC3E-F1D7-4BC8-8826-CC7470605A31}.Release|Any CPU.Build.0 = Release|Any CPU
		{6CE4AC3E-F1D7-4BC8-8826-CC7470605A31}.Release|x64.ActiveCfg = Release|Any CPU
		{6CE4AC3E-F1D7-4BC8-8826-CC7470605A31}.Release|x64.Build.0 = Release|Any CPU
		{6CE4AC3E-F1D7-4BC8-8826-CC7470605A31}.Release|x86.ActiveCfg = Release|Any CPU
		{6CE4AC3E-F1D7-4BC8-8826-CC7470605A31}.Release|x86.Build.0 = Release|Any CPU
	EndGlobalSection
	GlobalSection(SolutionProperties) = preSolution
		HideSolutionNode = FALSE
	EndGlobalSection
	GlobalSection(NestedProjects) = preSolution
		{07F2960B-D968-48D5-AEB2-C77543DA4109} = {827E0CD3-B72D-47B6-A68D-7590B98EB39B}
		{BEB704A1-D467-4AD2-88C7-80A34AEACB1E} = {0AB3BF05-4346-4AA6-1389-037BE0695223}
		{6CE4AC3E-F1D7-4BC8-8826-CC7470605A31} = {5D20AA90-6969-D8BD-9DCD-8634F4692FDA}
	EndGlobalSection
EndGlobal
